
Microsoft Visual Studio Solution File, Format Version 12.00
# Visual Studio Version 17
VisualStudioVersion = 17.1.32210.238
MinimumVisualStudioVersion = 10.0.40219.1
Project("{FAE04EC0-301F-11D3-BF4B-00C04F79EFBC}") = "Proje_Hastane", "Proje_Hastane\Proje_Hastane.csproj", "{CAF64F2F-69C7-412A-B1ED-270826A003F5}"
EndProject
Global
	GlobalSection(SolutionConfigurationPlatforms) = preSolution
		Debug|Any CPU = Debug|Any CPU
		Release|Any CPU = Release|Any CPU
	EndGlobalSection
	GlobalSection(ProjectConfigurationPlatforms) = postSolution
		{CAF64F2F-69C7-412A-B1ED-270826A003F5}.Debug|Any CPU.ActiveCfg = Debug|Any CPU
		{CAF64F2F-69C7-412A-B1ED-270826A003F5}.Debug|Any CPU.Build.0 = Debug|Any CPU
		{CAF64F2F-69C7-412A-B1ED-270826A003F5}.Release|Any CPU.ActiveCfg = Release|Any CPU
		{CAF64F2F-69C7-412A-B1ED-270826A003F5}.Release|Any CPU.Build.0 = Release|Any CPU
	EndGlobalSection
	GlobalSection(SolutionProperties) = preSolution
		HideSolutionNode = FALSE
	EndGlobalSection
	GlobalSection(ExtensibilityGlobals) = postSolution
		SolutionGuid = {CE41A450-5398-4041-A98D-2A8A1564E5F3}
	EndGlobalSection
EndGlobal
